
Microsoft Visual Studio Solution File, Format Version 12.00
# Visual Studio Version 17
VisualStudioVersion = 17.0.31903.59
MinimumVisualStudioVersion = 10.0.40219.1
Project("{2150E333-8FDC-42A3-9474-1A3956D46DE8}") = "Api", "Api", "{2CD44AEF-A855-4406-AFBB-731566AC7DAF}"
EndProject
Project("{FAE04EC0-301F-11D3-BF4B-00C04F79EFBC}") = "UrlShortener.Api", "UrlShortener.Api\UrlShortener.Api.csproj", "{7FC29792-180E-4DC1-A7C3-2852094E61BB}"
EndProject
Global
	GlobalSection(SolutionConfigurationPlatforms) = preSolution
		Debug|Any CPU = Debug|Any CPU
		Release|Any CPU = Release|Any CPU
	EndGlobalSection
	GlobalSection(ProjectConfigurationPlatforms) = postSolution
		{7FC29792-180E-4DC1-A7C3-2852094E61BB}.Debug|Any CPU.ActiveCfg = Debug|Any CPU
		{7FC29792-180E-4DC1-A7C3-2852094E61BB}.Debug|Any CPU.Build.0 = Debug|Any CPU
		{7FC29792-180E-4DC1-A7C3-2852094E61BB}.Release|Any CPU.ActiveCfg = Release|Any CPU
		{7FC29792-180E-4DC1-A7C3-2852094E61BB}.Release|Any CPU.Build.0 = Release|Any CPU
	EndGlobalSection
	GlobalSection(SolutionProperties) = preSolution
		HideSolutionNode = FALSE
	EndGlobalSection
	GlobalSection(NestedProjects) = preSolution
		{7FC29792-180E-4DC1-A7C3-2852094E61BB} = {2CD44AEF-A855-4406-AFBB-731566AC7DAF}
	EndGlobalSection
EndGlobal
